
Microsoft Visual Studio Solution File, Format Version 12.00
# Visual Studio Version 17
VisualStudioVersion = 17.14.36414.22 d17.14
MinimumVisualStudioVersion = 10.0.40219.1
Project("{FAE04EC0-301F-11D3-BF4B-00C04F79EFBC}") = "USBNotification", "USBNotification.csproj", "{08A67621-378B-4B9A-A752-14C7CDD9DA13}"
EndProject
Global
	GlobalSection(SolutionConfigurationPlatforms) = preSolution
		Debug|Any CPU = Debug|Any CPU
		Release|Any CPU = Release|Any CPU
	EndGlobalSection
	GlobalSection(ProjectConfigurationPlatforms) = postSolution
		{08A67621-378B-4B9A-A752-14C7CDD9DA13}.Debug|Any CPU.ActiveCfg = Debug|Any CPU
		{08A67621-378B-4B9A-A752-14C7CDD9DA13}.Debug|Any CPU.Build.0 = Debug|Any CPU
		{08A67621-378B-4B9A-A752-14C7CDD9DA13}.Release|Any CPU.ActiveCfg = Release|Any CPU
		{08A67621-378B-4B9A-A752-14C7CDD9DA13}.Release|Any CPU.Build.0 = Release|Any CPU
	EndGlobalSection
	GlobalSection(SolutionProperties) = preSolution
		HideSolutionNode = FALSE
	EndGlobalSection
	GlobalSection(ExtensibilityGlobals) = postSolution
		SolutionGuid = {3B693D14-5996-4F16-9C07-7D37509ABCD5}
	EndGlobalSection
EndGlobal
